
Microsoft Visual Studio Solution File, Format Version 12.00
# Visual Studio 15
VisualStudioVersion = 15.0.27428.2002
MinimumVisualStudioVersion = 10.0.40219.1
Project("{9A19103F-16F7-4668-BE54-9A1E7A4F7556}") = "NoesisManagedAtomicTorch", "Src\Noesis\Core\NoesisManagedAtomicTorch.csproj", "{D9F379D4-7FB2-42E0-B0D1-F1D240DAF8C6}"
EndProject
Global
	GlobalSection(SolutionConfigurationPlatforms) = preSolution
		Debug|Any CPU = Debug|Any CPU
		Release|Any CPU = Release|Any CPU
	EndGlobalSection
	GlobalSection(ProjectConfigurationPlatforms) = postSolution
		{D9F379D4-7FB2-42E0-B0D1-F1D240DAF8C6}.Debug|Any CPU.ActiveCfg = Debug|Any CPU
		{D9F379D4-7FB2-42E0-B0D1-F1D240DAF8C6}.Debug|Any CPU.Build.0 = Debug|Any CPU
		{D9F379D4-7FB2-42E0-B0D1-F1D240DAF8C6}.Release|Any CPU.ActiveCfg = Release|Any CPU
		{D9F379D4-7FB2-42E0-B0D1-F1D240DAF8C6}.Release|Any CPU.Build.0 = Release|Any CPU
	EndGlobalSection
	GlobalSection(SolutionProperties) = preSolution
		HideSolutionNode = FALSE
	EndGlobalSection
	GlobalSection(ExtensibilityGlobals) = postSolution
		SolutionGuid = {3357441B-5F4A-469C-9060-56140D2BAB26}
	EndGlobalSection
EndGlobal
